
Microsoft Visual Studio Solution File, Format Version 12.00
# Visual Studio 15
VisualStudioVersion = 15.0.28307.572
MinimumVisualStudioVersion = 10.0.40219.1
Project("{9A19103F-16F7-4668-BE54-9A1E7A4F7556}") = "control_lamps_web_interface", "control_lamps_web_interface\control_lamps_web_interface.csproj", "{D5C5A9D2-96DA-4D2F-B117-06B2862ABAC6}"
EndProject
Project("{9A19103F-16F7-4668-BE54-9A1E7A4F7556}") = "display_lamps_console", "display_lamps_console\display_lamps_console.csproj", "{1B031F19-DC3F-43C2-B70D-F8CFFF1ED491}"
EndProject
Project("{9A19103F-16F7-4668-BE54-9A1E7A4F7556}") = "message_service", "message_service\message_service.csproj", "{70B646A7-A89C-42E1-AB9A-1CC30DDCEFF1}"
EndProject
Project("{2150E333-8FDC-42A3-9474-1A3956D46DE8}") = "Documentation", "Documentation", "{96448959-9635-4E01-8116-03103B732403}"
	ProjectSection(SolutionItems) = preProject
		MQTT_Docs\Mqtt_docs.md = MQTT_Docs\Mqtt_docs.md
	EndProjectSection
EndProject
Global
	GlobalSection(SolutionConfigurationPlatforms) = preSolution
		Debug|Any CPU = Debug|Any CPU
		Release|Any CPU = Release|Any CPU
	EndGlobalSection
	GlobalSection(ProjectConfigurationPlatforms) = postSolution
		{D5C5A9D2-96DA-4D2F-B117-06B2862ABAC6}.Debug|Any CPU.ActiveCfg = Debug|Any CPU
		{D5C5A9D2-96DA-4D2F-B117-06B2862ABAC6}.Debug|Any CPU.Build.0 = Debug|Any CPU
		{D5C5A9D2-96DA-4D2F-B117-06B2862ABAC6}.Release|Any CPU.ActiveCfg = Release|Any CPU
		{D5C5A9D2-96DA-4D2F-B117-06B2862ABAC6}.Release|Any CPU.Build.0 = Release|Any CPU
		{1B031F19-DC3F-43C2-B70D-F8CFFF1ED491}.Debug|Any CPU.ActiveCfg = Debug|Any CPU
		{1B031F19-DC3F-43C2-B70D-F8CFFF1ED491}.Debug|Any CPU.Build.0 = Debug|Any CPU
		{1B031F19-DC3F-43C2-B70D-F8CFFF1ED491}.Release|Any CPU.ActiveCfg = Release|Any CPU
		{1B031F19-DC3F-43C2-B70D-F8CFFF1ED491}.Release|Any CPU.Build.0 = Release|Any CPU
		{70B646A7-A89C-42E1-AB9A-1CC30DDCEFF1}.Debug|Any CPU.ActiveCfg = Debug|Any CPU
		{70B646A7-A89C-42E1-AB9A-1CC30DDCEFF1}.Debug|Any CPU.Build.0 = Debug|Any CPU
		{70B646A7-A89C-42E1-AB9A-1CC30DDCEFF1}.Release|Any CPU.ActiveCfg = Release|Any CPU
		{70B646A7-A89C-42E1-AB9A-1CC30DDCEFF1}.Release|Any CPU.Build.0 = Release|Any CPU
	EndGlobalSection
	GlobalSection(SolutionProperties) = preSolution
		HideSolutionNode = FALSE
	EndGlobalSection
	GlobalSection(ExtensibilityGlobals) = postSolution
		SolutionGuid = {0E2D2272-CEA6-4E74-A10C-B6B37A0D74D3}
	EndGlobalSection
EndGlobal
